
Microsoft Visual Studio Solution File, Format Version 12.00
# Visual Studio Version 16
VisualStudioVersion = 16.0.30225.117
MinimumVisualStudioVersion = 10.0.40219.1
Project("{9A19103F-16F7-4668-BE54-9A1E7A4F7556}") = "AliceBlueWrapper", "AliceBlueWrapper\AliceBlueWrapper.csproj", "{68E47836-46EC-43EB-B4C0-F2BA6B75DD5A}"
EndProject
Project("{9A19103F-16F7-4668-BE54-9A1E7A4F7556}") = "Trading App", "Trading App\Trading App.csproj", "{12706116-E002-4245-97BF-3905644BEF7D}"
EndProject
Project("{FAE04EC0-301F-11D3-BF4B-00C04F79EFBC}") = "AlgoEngine", "AlgoEngine\AlgoEngine.csproj", "{81C989F7-25A1-4AFA-9BFC-4979514AF96C}"
EndProject
Project("{FAE04EC0-301F-11D3-BF4B-00C04F79EFBC}") = "ApiProcessor", "ApiProcessor\ApiProcessor.csproj", "{E7DA263E-1CEA-4BDF-914A-A1AA183563FF}"
EndProject
Global
	GlobalSection(SolutionConfigurationPlatforms) = preSolution
		Debug|Any CPU = Debug|Any CPU
		Release|Any CPU = Release|Any CPU
	EndGlobalSection
	GlobalSection(ProjectConfigurationPlatforms) = postSolution
		{68E47836-46EC-43EB-B4C0-F2BA6B75DD5A}.Debug|Any CPU.ActiveCfg = Debug|Any CPU
		{68E47836-46EC-43EB-B4C0-F2BA6B75DD5A}.Debug|Any CPU.Build.0 = Debug|Any CPU
		{68E47836-46EC-43EB-B4C0-F2BA6B75DD5A}.Release|Any CPU.ActiveCfg = Release|Any CPU
		{68E47836-46EC-43EB-B4C0-F2BA6B75DD5A}.Release|Any CPU.Build.0 = Release|Any CPU
		{12706116-E002-4245-97BF-3905644BEF7D}.Debug|Any CPU.ActiveCfg = Debug|Any CPU
		{12706116-E002-4245-97BF-3905644BEF7D}.Debug|Any CPU.Build.0 = Debug|Any CPU
		{12706116-E002-4245-97BF-3905644BEF7D}.Release|Any CPU.ActiveCfg = Release|Any CPU
		{12706116-E002-4245-97BF-3905644BEF7D}.Release|Any CPU.Build.0 = Release|Any CPU
		{81C989F7-25A1-4AFA-9BFC-4979514AF96C}.Debug|Any CPU.ActiveCfg = Debug|Any CPU
		{81C989F7-25A1-4AFA-9BFC-4979514AF96C}.Debug|Any CPU.Build.0 = Debug|Any CPU
		{81C989F7-25A1-4AFA-9BFC-4979514AF96C}.Release|Any CPU.ActiveCfg = Release|Any CPU
		{81C989F7-25A1-4AFA-9BFC-4979514AF96C}.Release|Any CPU.Build.0 = Release|Any CPU
		{E7DA263E-1CEA-4BDF-914A-A1AA183563FF}.Debug|Any CPU.ActiveCfg = Debug|Any CPU
		{E7DA263E-1CEA-4BDF-914A-A1AA183563FF}.Debug|Any CPU.Build.0 = Debug|Any CPU
		{E7DA263E-1CEA-4BDF-914A-A1AA183563FF}.Release|Any CPU.ActiveCfg = Release|Any CPU
		{E7DA263E-1CEA-4BDF-914A-A1AA183563FF}.Release|Any CPU.Build.0 = Release|Any CPU
	EndGlobalSection
	GlobalSection(SolutionProperties) = preSolution
		HideSolutionNode = FALSE
	EndGlobalSection
	GlobalSection(ExtensibilityGlobals) = postSolution
		SolutionGuid = {4ACD16E0-011A-4241-BDB3-CFAD4012E70F}
	EndGlobalSection
EndGlobal
